
Microsoft Visual Studio Solution File, Format Version 12.00
# Visual Studio Version 17
VisualStudioVersion = 17.1.32228.430
MinimumVisualStudioVersion = 10.0.40219.1
Project("{FAE04EC0-301F-11D3-BF4B-00C04F79EFBC}") = "Extra5.Android", "Extra5.Android\Extra5.Android.csproj", "{5B14002B-7A16-4E39-9C77-D58B46CA4680}"
EndProject
Project("{FAE04EC0-301F-11D3-BF4B-00C04F79EFBC}") = "Extra5", "Extra5\Extra5.csproj", "{06F49525-82B9-4737-8D2D-C11A78EE37F9}"
EndProject
Global
	GlobalSection(SolutionConfigurationPlatforms) = preSolution
		Debug|Any CPU = Debug|Any CPU
		Release|Any CPU = Release|Any CPU
	EndGlobalSection
	GlobalSection(ProjectConfigurationPlatforms) = postSolution
		{5B14002B-7A16-4E39-9C77-D58B46CA4680}.Debug|Any CPU.ActiveCfg = Debug|Any CPU
		{5B14002B-7A16-4E39-9C77-D58B46CA4680}.Debug|Any CPU.Build.0 = Debug|Any CPU
		{5B14002B-7A16-4E39-9C77-D58B46CA4680}.Debug|Any CPU.Deploy.0 = Debug|Any CPU
		{5B14002B-7A16-4E39-9C77-D58B46CA4680}.Release|Any CPU.ActiveCfg = Release|Any CPU
		{5B14002B-7A16-4E39-9C77-D58B46CA4680}.Release|Any CPU.Build.0 = Release|Any CPU
		{5B14002B-7A16-4E39-9C77-D58B46CA4680}.Release|Any CPU.Deploy.0 = Release|Any CPU
		{06F49525-82B9-4737-8D2D-C11A78EE37F9}.Debug|Any CPU.ActiveCfg = Debug|Any CPU
		{06F49525-82B9-4737-8D2D-C11A78EE37F9}.Debug|Any CPU.Build.0 = Debug|Any CPU
		{06F49525-82B9-4737-8D2D-C11A78EE37F9}.Debug|Any CPU.Deploy.0 = Debug|Any CPU
		{06F49525-82B9-4737-8D2D-C11A78EE37F9}.Release|Any CPU.ActiveCfg = Release|Any CPU
		{06F49525-82B9-4737-8D2D-C11A78EE37F9}.Release|Any CPU.Build.0 = Release|Any CPU
		{06F49525-82B9-4737-8D2D-C11A78EE37F9}.Release|Any CPU.Deploy.0 = Release|Any CPU
	EndGlobalSection
	GlobalSection(SolutionProperties) = preSolution
		HideSolutionNode = FALSE
	EndGlobalSection
	GlobalSection(ExtensibilityGlobals) = postSolution
		SolutionGuid = {FA17946E-F3BB-4264-9EA2-8F39FDECE071}
	EndGlobalSection
EndGlobal
